schema: '2.0'
stages:
  prepare:
    cmd: python -m recsys.pipeline.prepare
    deps:
    - path: configs/params.yaml
      hash: md5
      md5: 769b271e7cdff5433d15c7ffdc212fbe
      size: 1127
    - path: src/recsys/data/loaders.py
      hash: md5
      md5: a900526ab6122ec634afdd21170cbd8a
      size: 1288
    - path: src/recsys/data/synthetic.py
      hash: md5
      md5: 771583bbc33fa23f9219dc5d98748ea6
      size: 1773
    - path: src/recsys/pipeline/prepare.py
      hash: md5
      md5: 9cf4059fbc2d9a3c563da5af8c806240
      size: 574
    outs:
    - path: data/raw/events.csv
      hash: md5
      md5: 08985fa158f2c6aca5d7743f01e94ddb
      size: 877727
  preprocess:
    cmd: python -m recsys.pipeline.preprocess
    deps:
    - path: configs/params.yaml
      hash: md5
      md5: 769b271e7cdff5433d15c7ffdc212fbe
      size: 1127
    - path: data/raw/events.csv
      hash: md5
      md5: 08985fa158f2c6aca5d7743f01e94ddb
      size: 877727
    - path: src/recsys/data/preprocessors.py
      hash: md5
      md5: 6e321388fc26f4d1b4fcad22aaaf441b
      size: 4289
    - path: src/recsys/pipeline/preprocess.py
      hash: md5
      md5: 25726fef0bc34997ff143c5cb30221d8
      size: 1508
    outs:
    - path: data/processed/interactions.parquet
      hash: md5
      md5: 6dda976822c59dd889b2d9d23ab6004c
      size: 336139
  feature_eng:
    cmd: python -m recsys.pipeline.feature_eng
    deps:
    - path: configs/params.yaml
      hash: md5
      md5: 769b271e7cdff5433d15c7ffdc212fbe
      size: 1127
    - path: data/processed/interactions.parquet
      hash: md5
      md5: 6dda976822c59dd889b2d9d23ab6004c
      size: 336139
    - path: src/recsys/pipeline/feature_eng.py
      hash: md5
      md5: 63dfc241a87cdb489c212a084a7a78ee
      size: 2499
    - path: src/recsys/pipeline/preprocess.py
      hash: md5
      md5: 25726fef0bc34997ff143c5cb30221d8
      size: 1508
    outs:
    - path: data/processed/dims.json
      hash: md5
      md5: 464b6eae208f19290b8a90e4368cb43e
      size: 42
    - path: data/processed/test.parquet
      hash: md5
      md5: ca30fb164ce03ca61cce4f8a42c36abb
      size: 78382
    - path: data/processed/train.parquet
      hash: md5
      md5: 705c9288eb360315ef36103e6b910edd
      size: 277387
  train:
    cmd: python -m recsys.pipeline.train
    deps:
    - path: configs/params.yaml
      hash: md5
      md5: 769b271e7cdff5433d15c7ffdc212fbe
      size: 1127
    - path: data/processed/dims.json
      hash: md5
      md5: 464b6eae208f19290b8a90e4368cb43e
      size: 42
    - path: data/processed/train.parquet
      hash: md5
      md5: 705c9288eb360315ef36103e6b910edd
      size: 277387
    - path: src/recsys/data/dataset.py
      hash: md5
      md5: b974f93c4156178184ec0b35f5dc4ca4
      size: 1865
    - path: src/recsys/models/factory.py
      hash: md5
      md5: 171d4f56f91f42df3bb88075a7c6aeab
      size: 1874
    - path: src/recsys/models/mlp.py
      hash: md5
      md5: e244f969c6a99fda5f712c50e4de3732
      size: 2210
    - path: src/recsys/pipeline/train.py
      hash: md5
      md5: b4e80982c63e87b1ac830cc9b613d76e
      size: 4174
    - path: src/recsys/training/recsys_trainer.py
      hash: md5
      md5: 51b842390d88228d269f5f5f298de485
      size: 3154
    - path: src/recsys/training/trainer.py
      hash: md5
      md5: 0652246b93d3ae890ddd91e634491459
      size: 3262
    outs:
    - path: models/mlp.pt
      hash: md5
      md5: 159cf3461f1e4599f274f09ec0a5eacd
      size: 741461
  evaluate:
    cmd: python -m recsys.pipeline.evaluate
    deps:
    - path: configs/params.yaml
      hash: md5
      md5: 769b271e7cdff5433d15c7ffdc212fbe
      size: 1127
    - path: data/processed/dims.json
      hash: md5
      md5: 464b6eae208f19290b8a90e4368cb43e
      size: 42
    - path: data/processed/test.parquet
      hash: md5
      md5: ca30fb164ce03ca61cce4f8a42c36abb
      size: 78382
    - path: data/processed/train.parquet
      hash: md5
      md5: 705c9288eb360315ef36103e6b910edd
      size: 277387
    - path: models/mlp.pt
      hash: md5
      md5: 159cf3461f1e4599f274f09ec0a5eacd
      size: 741461
    - path: src/recsys/evaluation/metrics.py
      hash: md5
      md5: 93f70843fb1ea566fadffbe09702ddd3
      size: 1774
    - path: src/recsys/models/baselines.py
      hash: md5
      md5: 051d0f0a78c8c86a47151f33b90fac3e
      size: 3289
    - path: src/recsys/models/mlp.py
      hash: md5
      md5: e244f969c6a99fda5f712c50e4de3732
      size: 2210
    - path: src/recsys/pipeline/evaluate.py
      hash: md5
      md5: 4a819ac1dd2abedc13153416da755b7e
      size: 5275
    - path: src/recsys/pipeline/train.py
      hash: md5
      md5: b4e80982c63e87b1ac830cc9b613d76e
      size: 4174
    outs:
    - path: metrics.json
      hash: md5
      md5: 0b94419679f3ead80e795e43ee9f596f
      size: 579
